
Microsoft Visual Studio Solution File, Format Version 12.00
# Visual Studio 15
VisualStudioVersion = 15.0.26730.16
MinimumVisualStudioVersion = 10.0.40219.1
Project("{888888A0-9F3D-457C-B088-3A5042F75D52}") = "PythonClassifierApplication1", "PythonClassifierApplication1\PythonClassifierApplication1.pyproj", "{F284E87B-C631-4012-82FC-65D17C40C0B7}"
EndProject
Global
	GlobalSection(SolutionConfigurationPlatforms) = preSolution
		Debug|Any CPU = Debug|Any CPU
		Release|Any CPU = Release|Any CPU
	EndGlobalSection
	GlobalSection(ProjectConfigurationPlatforms) = postSolution
		{F284E87B-C631-4012-82FC-65D17C40C0B7}.Debug|Any CPU.ActiveCfg = Debug|Any CPU
		{F284E87B-C631-4012-82FC-65D17C40C0B7}.Release|Any CPU.ActiveCfg = Release|Any CPU
	EndGlobalSection
	GlobalSection(SolutionProperties) = preSolution
		HideSolutionNode = FALSE
	EndGlobalSection
	GlobalSection(ExtensibilityGlobals) = postSolution
		SolutionGuid = {294E3D87-46AF-4400-AEE3-04D2DBEA494D}
	EndGlobalSection
EndGlobal
